# THIS IS AN AUTOGENERATED FILE. DO NOT EDIT THIS FILE DIRECTLY.
# yarn lockfile v1


"@aws-cdk/assets@1.148.0":
  version "1.148.0"
  resolved "https://registry.yarnpkg.com/@aws-cdk/assets/-/assets-1.148.0.tgz#24c5d86e153c95ae4dcdd110ea638f8ea17f4e6a"
  integrity sha512-Oa153sGLo4CWFZr1Js91TeDan8Hk8tZFoEhJCpn3NRjudffvYFB/5xMQlqD+HwTEM8gm5GiEifmTftyqaoefXg==
  dependencies:
    "@aws-cdk/core" "1.148.0"
    "@aws-cdk/cx-api" "1.148.0"
    constructs "^3.3.69"

"@aws-cdk/aws-acmpca@1.148.0":
  version "1.148.0"
  resolved "https://registry.yarnpkg.com/@aws-cdk/aws-acmpca/-/aws-acmpca-1.148.0.tgz#58c96bd2b8abb8a35e3a43791169983f7cba4565"
  integrity sha512-tg5dbKKjQdVBTkpCfn5M7gvVGnN0w30Vwt2t+/tGZtG29J9eoJKFUwK+IqLTn3gVpeqWJp/ftfKGVV2f767pKg==
  dependencies:
    "@aws-cdk/core" "1.148.0"
    constructs "^3.3.69"

"@aws-cdk/aws-apigatewayv2-alpha@^2.16.0-alpha.0":
  version "2.16.0-alpha.0"
  resolved "https://registry.yarnpkg.com/@aws-cdk/aws-apigatewayv2-alpha/-/aws-apigatewayv2-alpha-2.16.0-alpha.0.tgz#0580e8d59d74e87999599f0fa87f421dae212605"
  integrity sha512-bsTfVxjR6OF+h/1pmUrWLF4E4NQUwCYbZC1ZG8LmcQX1vFFqbNPiAnRbin2D9kQn74Thmp4jo4lnNtBkfFl0Ag==

"@aws-cdk/aws-apigatewayv2-integrations-alpha@^2.16.0-alpha.0":
  version "2.16.0-alpha.0"
  resolved "https://registry.yarnpkg.com/@aws-cdk/aws-apigatewayv2-integrations-alpha/-/aws-apigatewayv2-integrations-alpha-2.16.0-alpha.0.tgz#6304d5fcd09217f22c914935f08a126afca2c24d"
  integrity sha512-t5lCazYbcxayej3CMkLGx/EE/a8GMNgGwSfDuCe2NT2Q14FIEt4fSU/bybIXsCigf+bU7qcscqsYUSDonNuJSg==

"@aws-cdk/aws-apigatewayv2-integrations@^1.148.0":
  version "1.148.0"
  resolved "https://registry.yarnpkg.com/@aws-cdk/aws-apigatewayv2-integrations/-/aws-apigatewayv2-integrations-1.148.0.tgz#9177b7a12844964c53358473a9d129f8f987073f"
  integrity sha512-mhEI1GdUwTfjpjhqZdfShHvQvcOcuTVpQn6bVkC1vAn5RM9MvbJVDHw9GfXyKgYifrRsCdtxeTBArxP+iRVtCA==
  dependencies:
    "@aws-cdk/aws-apigatewayv2" "1.148.0"
    "@aws-cdk/aws-ec2" "1.148.0"
    "@aws-cdk/aws-elasticloadbalancingv2" "1.148.0"
    "@aws-cdk/aws-iam" "1.148.0"
    "@aws-cdk/aws-lambda" "1.148.0"
    "@aws-cdk/aws-servicediscovery" "1.148.0"
    "@aws-cdk/core" "1.148.0"
    constructs "^3.3.69"

"@aws-cdk/aws-apigatewayv2@1.148.0":
  version "1.148.0"
  resolved "https://registry.yarnpkg.com/@aws-cdk/aws-apigatewayv2/-/aws-apigatewayv2-1.148.0.tgz#7b3eeb42f94abf992a1b7889ef84e347c794fc5f"
  integrity sha512-MFBzP5uULD7RrELtIM5vQphm5ntcRZKX5UnDIMjQ2V/7wP1wRk6fKImW8NN/umC9Xhh3djalrL+hwXuoHVZC8g==
  dependencies:
    "@aws-cdk/aws-certificatemanager" "1.148.0"
    "@aws-cdk/aws-cloudwatch" "1.148.0"
    "@aws-cdk/aws-ec2" "1.148.0"
    "@aws-cdk/aws-iam" "1.148.0"
    "@aws-cdk/aws-s3" "1.148.0"
    "@aws-cdk/core" "1.148.0"
    constructs "^3.3.69"

"@aws-cdk/aws-applicationautoscaling@1.148.0":
  version "1.148.0"
  resolved "https://registry.yarnpkg.com/@aws-cdk/aws-applicationautoscaling/-/aws-applicationautoscaling-1.148.0.tgz#2320ae0383786122e1535cbe8568e60f5bbbc69b"
  integrity sha512-vmfY9z9StvGFBaRYBbrm5lL19g9stJGZcvMUv5HGxqsxZc8wREEU55MOpEB6e5kOiKTrWcuAGHQVzUhi66Pghg==
  dependencies:
    "@aws-cdk/aws-autoscaling-common" "1.148.0"
    "@aws-cdk/aws-cloudwatch" "1.148.0"
    "@aws-cdk/aws-iam" "1.148.0"
    "@aws-cdk/core" "1.148.0"
    constructs "^3.3.69"

"@aws-cdk/aws-autoscaling-common@1.148.0":
  version "1.148.0"
  resolved "https://registry.yarnpkg.com/@aws-cdk/aws-autoscaling-common/-/aws-autoscaling-common-1.148.0.tgz#010ce32459214f5dcd1c2fc04a388f73701af487"
  integrity sha512-WLlm4PJ5PgfMsf1dMI1EM3Ds04nn41aVALHhCiPGjKK4L+ckKKrKy4VIavW/zzZadbhXxdHim7r0e4gXkeUksw==
  dependencies:
    "@aws-cdk/aws-iam" "1.148.0"
    "@aws-cdk/core" "1.148.0"
    constructs "^3.3.69"

"@aws-cdk/aws-certificatemanager@1.148.0":
  version "1.148.0"
  resolved "https://registry.yarnpkg.com/@aws-cdk/aws-certificatemanager/-/aws-certificatemanager-1.148.0.tgz#d911fbef755fa3b0a587a78690cbd7260f97ed7d"
  integrity sha512-LQNKz2jxVtKgBj0tS/Hcg5Oh66fIQkTSHVPcbwf3h+CZNadIUN6DwYHt8Faj4iSkNvhVWsC1Qhy/7S2KI68K/g==
  dependencies:
    "@aws-cdk/aws-acmpca" "1.148.0"
    "@aws-cdk/aws-cloudwatch" "1.148.0"
    "@aws-cdk/aws-iam" "1.148.0"
    "@aws-cdk/aws-lambda" "1.148.0"
    "@aws-cdk/aws-route53" "1.148.0"
    "@aws-cdk/core" "1.148.0"
    constructs "^3.3.69"

"@aws-cdk/aws-cloudformation@1.148.0":
  version "1.148.0"
  resolved "https://registry.yarnpkg.com/@aws-cdk/aws-cloudformation/-/aws-cloudformation-1.148.0.tgz#0ca63a7e5b8306b34a0be31ff6833856920af02b"
  integrity sha512-ZkcRWi797DnWv6m9m+Tx/ApXOuAC+p/tZhf7VTq0wBxZ9+GdBRJCyJiXwNrnwDrV+1Fe0uhwmmurjvl85fSkAg==
  dependencies:
    "@aws-cdk/aws-iam" "1.148.0"
    "@aws-cdk/aws-lambda" "1.148.0"
    "@aws-cdk/aws-s3" "1.148.0"
    "@aws-cdk/aws-sns" "1.148.0"
    "@aws-cdk/core" "1.148.0"
    "@aws-cdk/cx-api" "1.148.0"
    constructs "^3.3.69"

"@aws-cdk/aws-cloudwatch@1.148.0":
  version "1.148.0"
  resolved "https://registry.yarnpkg.com/@aws-cdk/aws-cloudwatch/-/aws-cloudwatch-1.148.0.tgz#49ecf2a98bc812d709914f9a9f1a3a07c95844b2"
  integrity sha512-RdXwQu+OulqiHt7DR/0j3Ps3cBY/qpagdpvKPOpJqx4UQkhNrDYewxrGgSd2cHjFmi8hJjOfrAL6/GwLmsxsfQ==
  dependencies:
    "@aws-cdk/aws-iam" "1.148.0"
    "@aws-cdk/core" "1.148.0"
    constructs "^3.3.69"

"@aws-cdk/aws-codeguruprofiler@1.148.0":
  version "1.148.0"
  resolved "https://registry.yarnpkg.com/@aws-cdk/aws-codeguruprofiler/-/aws-codeguruprofiler-1.148.0.tgz#c72390abf10ba481494acb94ce34729d668d8612"
  integrity sha512-exwHLePrnFzITWrIF7USw9J5wvSF2XnURbYD3Eumz9IV73ajVA5IPBKfH055GzyHtCRx6B07K4omS/Jib9pTqA==
  dependencies:
    "@aws-cdk/aws-iam" "1.148.0"
    "@aws-cdk/core" "1.148.0"
    constructs "^3.3.69"

"@aws-cdk/aws-codestarnotifications@1.148.0":
  version "1.148.0"
  resolved "https://registry.yarnpkg.com/@aws-cdk/aws-codestarnotifications/-/aws-codestarnotifications-1.148.0.tgz#09fa715ad6cdcc11a0984bd96cda4a84f57eda03"
  integrity sha512-PwHHT51oaKAHbyD4JHsCQyg98WhREfRmzfSigG+x2nuinZLs7IHaz+YYyW3xzbG+pN8KzE62bIvHSnb2c0qbhQ==
  dependencies:
    "@aws-cdk/core" "1.148.0"
    constructs "^3.3.69"

"@aws-cdk/aws-ec2@1.148.0":
  version "1.148.0"
  resolved "https://registry.yarnpkg.com/@aws-cdk/aws-ec2/-/aws-ec2-1.148.0.tgz#547cb5d84aa4e6efa8e07f81f2334573b82e5e13"
  integrity sha512-1aJTpoltf+HzaTbSPRh4ZB2B2654Ex4w3CJhpfrOmWVnDCSBLy3/X2n1SWJgAkEkfMKNeUFOGUaV4DtcdDufrg==
  dependencies:
    "@aws-cdk/aws-cloudwatch" "1.148.0"
    "@aws-cdk/aws-iam" "1.148.0"
    "@aws-cdk/aws-kms" "1.148.0"
    "@aws-cdk/aws-logs" "1.148.0"
    "@aws-cdk/aws-s3" "1.148.0"
    "@aws-cdk/aws-s3-assets" "1.148.0"
    "@aws-cdk/aws-ssm" "1.148.0"
    "@aws-cdk/cloud-assembly-schema" "1.148.0"
    "@aws-cdk/core" "1.148.0"
    "@aws-cdk/cx-api" "1.148.0"
    "@aws-cdk/region-info" "1.148.0"
    constructs "^3.3.69"

"@aws-cdk/aws-ecr-assets@1.148.0":
  version "1.148.0"
  resolved "https://registry.yarnpkg.com/@aws-cdk/aws-ecr-assets/-/aws-ecr-assets-1.148.0.tgz#469c71d2df61ebc3925211c7db5b0d27507cad28"
  integrity sha512-qLgUuWwcvl7edocNFAb52e9aTYI2oP4pPFWA7XT1x0pIBrYmpHMaRiQfESFZCNhbwLNgzQ4LtfbIMEsVRK3M+g==
  dependencies:
    "@aws-cdk/assets" "1.148.0"
    "@aws-cdk/aws-ecr" "1.148.0"
    "@aws-cdk/aws-iam" "1.148.0"
    "@aws-cdk/aws-s3" "1.148.0"
    "@aws-cdk/core" "1.148.0"
    "@aws-cdk/cx-api" "1.148.0"
    constructs "^3.3.69"

"@aws-cdk/aws-ecr@1.148.0":
  version "1.148.0"
  resolved "https://registry.yarnpkg.com/@aws-cdk/aws-ecr/-/aws-ecr-1.148.0.tgz#41607df7dbac03644a34be9627e9ec1d03581a65"
  integrity sha512-sz1yxfX+qVb1x6IGpwGKMsRlz4+DDtGcgkrP4XT8JoiQQPCbTCYLercLxUTTqi+d5l8Is3xLgheOvZ5AAGW0OQ==
  dependencies:
    "@aws-cdk/aws-events" "1.148.0"
    "@aws-cdk/aws-iam" "1.148.0"
    "@aws-cdk/aws-kms" "1.148.0"
    "@aws-cdk/core" "1.148.0"
    constructs "^3.3.69"

"@aws-cdk/aws-efs@1.148.0":
  version "1.148.0"
  resolved "https://registry.yarnpkg.com/@aws-cdk/aws-efs/-/aws-efs-1.148.0.tgz#5c98e6104a62a7ea247838dba9c71a910975c657"
  integrity sha512-tvSjCCvR1tB9mMnw4Jf3mlBopD6uiGtssffAALDK46pAGRhywf4eIJ/arvArmguKhcmo1ioITH+cqsmwtKIhqA==
  dependencies:
    "@aws-cdk/aws-ec2" "1.148.0"
    "@aws-cdk/aws-iam" "1.148.0"
    "@aws-cdk/aws-kms" "1.148.0"
    "@aws-cdk/cloud-assembly-schema" "1.148.0"
    "@aws-cdk/core" "1.148.0"
    "@aws-cdk/cx-api" "1.148.0"
    constructs "^3.3.69"

"@aws-cdk/aws-elasticloadbalancingv2@1.148.0":
  version "1.148.0"
  resolved "https://registry.yarnpkg.com/@aws-cdk/aws-elasticloadbalancingv2/-/aws-elasticloadbalancingv2-1.148.0.tgz#edf2e92ef7454f924da186700bd072c6a1af1b05"
  integrity sha512-a0Z2qTYbt819S6lahy1lVF2deK2ONFANoMbaggdHTwj0EoDWJ0aFbe45NlAf2DRwqos/p5ylLk10Zy0CZPEpQw==
  dependencies:
    "@aws-cdk/aws-certificatemanager" "1.148.0"
    "@aws-cdk/aws-cloudwatch" "1.148.0"
    "@aws-cdk/aws-ec2" "1.148.0"
    "@aws-cdk/aws-iam" "1.148.0"
    "@aws-cdk/aws-lambda" "1.148.0"
    "@aws-cdk/aws-s3" "1.148.0"
    "@aws-cdk/cloud-assembly-schema" "1.148.0"
    "@aws-cdk/core" "1.148.0"
    "@aws-cdk/cx-api" "1.148.0"
    "@aws-cdk/region-info" "1.148.0"
    constructs "^3.3.69"

"@aws-cdk/aws-events@1.148.0":
  version "1.148.0"
  resolved "https://registry.yarnpkg.com/@aws-cdk/aws-events/-/aws-events-1.148.0.tgz#3cda59800a3ba132419a27a95d93ac8cc0707403"
  integrity sha512-VSD/zmFtiGRYrWkkuPNjRuFLO5icgEKYv0/hFlHNc1QhlpMoPdgEXMeZvtEz6UTGwEzn2ALw0V/ZGYeR5wYBCA==
  dependencies:
    "@aws-cdk/aws-iam" "1.148.0"
    "@aws-cdk/core" "1.148.0"
    constructs "^3.3.69"

"@aws-cdk/aws-iam@1.148.0":
  version "1.148.0"
  resolved "https://registry.yarnpkg.com/@aws-cdk/aws-iam/-/aws-iam-1.148.0.tgz#c6838f3168b384aceca9d190de1229473c03fb03"
  integrity sha512-On8ci4B3aldJ+qAVWFtH6HVQVeTVCKlE7K9riRB5u5qwbjGA89u8sD1dT4DSqp40cfjon5y+760XK3Q8SAeJKw==
  dependencies:
    "@aws-cdk/core" "1.148.0"
    "@aws-cdk/region-info" "1.148.0"
    constructs "^3.3.69"

"@aws-cdk/aws-kms@1.148.0":
  version "1.148.0"
  resolved "https://registry.yarnpkg.com/@aws-cdk/aws-kms/-/aws-kms-1.148.0.tgz#89a6954bd6565f684eccf4b5f6a959954e3ba0c4"
  integrity sha512-4BGhzYmfWAo0WEMIUIQ4iBGUYJ5Pws92iHqyqb2tH+UBlfeDDjKgz2LEs3TxsmBdNyoJ1gTFeASJGJRYIW7LuQ==
  dependencies:
    "@aws-cdk/aws-iam" "1.148.0"
    "@aws-cdk/cloud-assembly-schema" "1.148.0"
    "@aws-cdk/core" "1.148.0"
    "@aws-cdk/cx-api" "1.148.0"
    constructs "^3.3.69"

"@aws-cdk/aws-lambda@1.148.0":
  version "1.148.0"
  resolved "https://registry.yarnpkg.com/@aws-cdk/aws-lambda/-/aws-lambda-1.148.0.tgz#b750bc5c329d5860d3382f013d36c6b4f2c49090"
  integrity sha512-1BeBk+2A9eszt5ABuqefYM1MZc1GgywvOvdBjChS/rta7I1+EbbEfQbeWRIOzPD5A8Z/tMeIIm4avNWzOwbi/g==
  dependencies:
    "@aws-cdk/aws-applicationautoscaling" "1.148.0"
    "@aws-cdk/aws-cloudwatch" "1.148.0"
    "@aws-cdk/aws-codeguruprofiler" "1.148.0"
    "@aws-cdk/aws-ec2" "1.148.0"
    "@aws-cdk/aws-ecr" "1.148.0"
    "@aws-cdk/aws-ecr-assets" "1.148.0"
    "@aws-cdk/aws-efs" "1.148.0"
    "@aws-cdk/aws-events" "1.148.0"
    "@aws-cdk/aws-iam" "1.148.0"
    "@aws-cdk/aws-kms" "1.148.0"
    "@aws-cdk/aws-logs" "1.148.0"
    "@aws-cdk/aws-s3" "1.148.0"
    "@aws-cdk/aws-s3-assets" "1.148.0"
    "@aws-cdk/aws-signer" "1.148.0"
    "@aws-cdk/aws-sns" "1.148.0"
    "@aws-cdk/aws-sqs" "1.148.0"
    "@aws-cdk/core" "1.148.0"
    "@aws-cdk/cx-api" "1.148.0"
    "@aws-cdk/region-info" "1.148.0"
    constructs "^3.3.69"

"@aws-cdk/aws-logs@1.148.0":
  version "1.148.0"
  resolved "https://registry.yarnpkg.com/@aws-cdk/aws-logs/-/aws-logs-1.148.0.tgz#695802a8c045ff9acc89821d400fdb49fbbc3822"
  integrity sha512-7zfOEwv/UJWS81gGw7eACy5Wtu58R0KOlQwaJU29mGe0+kkYaZTCN7W5i5v4RUni8tcYd8IvZBBphQ3IFDqYcA==
  dependencies:
    "@aws-cdk/aws-cloudwatch" "1.148.0"
    "@aws-cdk/aws-iam" "1.148.0"
    "@aws-cdk/aws-kms" "1.148.0"
    "@aws-cdk/aws-s3-assets" "1.148.0"
    "@aws-cdk/core" "1.148.0"
    "@aws-cdk/cx-api" "1.148.0"
    constructs "^3.3.69"

"@aws-cdk/aws-route53@1.148.0":
  version "1.148.0"
  resolved "https://registry.yarnpkg.com/@aws-cdk/aws-route53/-/aws-route53-1.148.0.tgz#fae60693d855a9330b33cae097ecc5e84fbb6782"
  integrity sha512-ga4Upum9ClGxpW088/M9IxfD/nsEAtrgm9mHKP0KZ+QHoOoBveLxX6wJADpCI48bYqoyDlQ3eBDKyLFQSooQLA==
  dependencies:
    "@aws-cdk/aws-ec2" "1.148.0"
    "@aws-cdk/aws-iam" "1.148.0"
    "@aws-cdk/aws-logs" "1.148.0"
    "@aws-cdk/cloud-assembly-schema" "1.148.0"
    "@aws-cdk/core" "1.148.0"
    "@aws-cdk/custom-resources" "1.148.0"
    constructs "^3.3.69"

"@aws-cdk/aws-s3-assets@1.148.0":
  version "1.148.0"
  resolved "https://registry.yarnpkg.com/@aws-cdk/aws-s3-assets/-/aws-s3-assets-1.148.0.tgz#80dfc68b613f272a13e41893d65b59276849bfaa"
  integrity sha512-WZR0cTd3gkLcwR+C/iIS5bL/4wS0dvywiLdgLVhKw3y7J86IKKIcWOCzWPFfPGeTa7cu9E9exAtq1w2bOV8uTA==
  dependencies:
    "@aws-cdk/assets" "1.148.0"
    "@aws-cdk/aws-iam" "1.148.0"
    "@aws-cdk/aws-kms" "1.148.0"
    "@aws-cdk/aws-s3" "1.148.0"
    "@aws-cdk/core" "1.148.0"
    "@aws-cdk/cx-api" "1.148.0"
    constructs "^3.3.69"

"@aws-cdk/aws-s3@1.148.0":
  version "1.148.0"
  resolved "https://registry.yarnpkg.com/@aws-cdk/aws-s3/-/aws-s3-1.148.0.tgz#da4efb3f896b82cb8f4830f0c7f0f7c3a663ea5a"
  integrity sha512-9HuPGOPdqo4+4cTs9aZoRapPYOamUrjJA9auouC9qyNM5V4xQ3saw1gJTGg99Sw6FAGN5asc4UAwan1weIpRAA==
  dependencies:
    "@aws-cdk/aws-events" "1.148.0"
    "@aws-cdk/aws-iam" "1.148.0"
    "@aws-cdk/aws-kms" "1.148.0"
    "@aws-cdk/core" "1.148.0"
    "@aws-cdk/cx-api" "1.148.0"
    constructs "^3.3.69"

"@aws-cdk/aws-servicediscovery@1.148.0":
  version "1.148.0"
  resolved "https://registry.yarnpkg.com/@aws-cdk/aws-servicediscovery/-/aws-servicediscovery-1.148.0.tgz#453079d891cc779d0256bec4514d49059317faae"
  integrity sha512-SnpshS/dUoXCaKAfZ+Z5ZA5wIQNkLMpNrU12DNvR2M4jLkPDOvtr6Z6PIvjb5Af8f21SuTk4tHdL5hxjQtm8/g==
  dependencies:
    "@aws-cdk/aws-ec2" "1.148.0"
    "@aws-cdk/aws-elasticloadbalancingv2" "1.148.0"
    "@aws-cdk/aws-route53" "1.148.0"
    "@aws-cdk/core" "1.148.0"
    constructs "^3.3.69"

"@aws-cdk/aws-signer@1.148.0":
  version "1.148.0"
  resolved "https://registry.yarnpkg.com/@aws-cdk/aws-signer/-/aws-signer-1.148.0.tgz#641a078256ace5dd455bc3e3527f3200b5fcdd76"
  integrity sha512-/73NzSXNnOhkwxGiBplxsfxvnJtP/geQc65vGCxwo8kP+KM1+2ApwrHSGOUzAqJNgiqaONU5YemgnZKCw5xfRw==
  dependencies:
    "@aws-cdk/core" "1.148.0"
    constructs "^3.3.69"

"@aws-cdk/aws-sns@1.148.0":
  version "1.148.0"
  resolved "https://registry.yarnpkg.com/@aws-cdk/aws-sns/-/aws-sns-1.148.0.tgz#5f859e770c234579e85a55713576ba097175e195"
  integrity sha512-Yhn8bardYcmEkImwTtv4pmv0/fdzEBF7GNKttRzLQvKE6LIJ7kYqc1eGL+cZgUUjFQSpxvuhUxAEySfwW+BTpQ==
  dependencies:
    "@aws-cdk/aws-cloudwatch" "1.148.0"
    "@aws-cdk/aws-codestarnotifications" "1.148.0"
    "@aws-cdk/aws-events" "1.148.0"
    "@aws-cdk/aws-iam" "1.148.0"
    "@aws-cdk/aws-kms" "1.148.0"
    "@aws-cdk/aws-sqs" "1.148.0"
    "@aws-cdk/core" "1.148.0"
    constructs "^3.3.69"

"@aws-cdk/aws-sqs@1.148.0":
  version "1.148.0"
  resolved "https://registry.yarnpkg.com/@aws-cdk/aws-sqs/-/aws-sqs-1.148.0.tgz#7f11d97da505ad4ab29a73dbb5c15d4af92ec8d9"
  integrity sha512-4cT5enHYQzLprrawEdjSBv6R8Nj2crgXbcQ+CSVqEGt94u9ejFZGH/nNAyxkqRKNooOjlVQN2kc220w5+P+vxQ==
  dependencies:
    "@aws-cdk/aws-cloudwatch" "1.148.0"
    "@aws-cdk/aws-iam" "1.148.0"
    "@aws-cdk/aws-kms" "1.148.0"
    "@aws-cdk/core" "1.148.0"
    constructs "^3.3.69"

"@aws-cdk/aws-ssm@1.148.0":
  version "1.148.0"
  resolved "https://registry.yarnpkg.com/@aws-cdk/aws-ssm/-/aws-ssm-1.148.0.tgz#11f738fca0197c387919e79289e4d77ca93c521e"
  integrity sha512-snifyR9JAn5Gjy8ZIycOyZqlWBPiCjqWkMbSXlJv3a0mFzQN+UCszQqEDs3k1+wvLm/z7BBi5+MB5NGcERC56g==
  dependencies:
    "@aws-cdk/aws-iam" "1.148.0"
    "@aws-cdk/aws-kms" "1.148.0"
    "@aws-cdk/cloud-assembly-schema" "1.148.0"
    "@aws-cdk/core" "1.148.0"
    constructs "^3.3.69"

"@aws-cdk/cloud-assembly-schema@1.148.0":
  version "1.148.0"
  resolved "https://registry.yarnpkg.com/@aws-cdk/cloud-assembly-schema/-/cloud-assembly-schema-1.148.0.tgz#c33e188fa85b47ddf3e611bbaa4b781205c6f4bd"
  integrity sha512-m/WDbw7XhFLdml4lI5vAhvbDaiRPRt5TGvBBGNGpY7TX1+K/DWvkvTg1v5ucg20t6ircgSGqKvucBmmpWdK92w==
  dependencies:
    jsonschema "^1.4.0"
    semver "^7.3.5"

"@aws-cdk/core@1.148.0":
  version "1.148.0"
  resolved "https://registry.yarnpkg.com/@aws-cdk/core/-/core-1.148.0.tgz#aa67c742aceffc38178b167767595d4a6ed86a87"
  integrity sha512-Ohl0Z+tRaJzl7fhyq26GFqEOe7RcC8S06ElrFdAS5sMNXb4fUM6OnG/HZHHmjm8gQ+IG9rYABiqQ2iPsz44bjg==
  dependencies:
    "@aws-cdk/cloud-assembly-schema" "1.148.0"
    "@aws-cdk/cx-api" "1.148.0"
    "@aws-cdk/region-info" "1.148.0"
    "@balena/dockerignore" "^1.0.2"
    constructs "^3.3.69"
    fs-extra "^9.1.0"
    ignore "^5.2.0"
    minimatch "^3.1.2"

"@aws-cdk/custom-resources@1.148.0":
  version "1.148.0"
  resolved "https://registry.yarnpkg.com/@aws-cdk/custom-resources/-/custom-resources-1.148.0.tgz#2ba7398f8a40f155534ed222a5b32dd9ea401359"
  integrity sha512-0wdOIpc6B/yUkZRRWk6U0BMn0HXvVCE1Uu/ZPsb7e0nhwCxKVIcCN9MRnvZWxd0+QJzjoA+SVOvNjT04WN67PA==
  dependencies:
    "@aws-cdk/aws-cloudformation" "1.148.0"
    "@aws-cdk/aws-ec2" "1.148.0"
    "@aws-cdk/aws-iam" "1.148.0"
    "@aws-cdk/aws-lambda" "1.148.0"
    "@aws-cdk/aws-logs" "1.148.0"
    "@aws-cdk/aws-sns" "1.148.0"
    "@aws-cdk/core" "1.148.0"
    constructs "^3.3.69"

"@aws-cdk/cx-api@1.148.0":
  version "1.148.0"
  resolved "https://registry.yarnpkg.com/@aws-cdk/cx-api/-/cx-api-1.148.0.tgz#f33b9451436234dd44a1e34fd1ea2682e131648a"
  integrity sha512-oWN3/PmzfAKVD7uUbsFcFAa8nt+iaCBWMkZaNtNE+03y2IIy67BsqPfIUCEwlhZ/XTRYB5DEgVnc0gWhMriUjg==
  dependencies:
    "@aws-cdk/cloud-assembly-schema" "1.148.0"
    semver "^7.3.5"

"@aws-cdk/region-info@1.148.0":
  version "1.148.0"
  resolved "https://registry.yarnpkg.com/@aws-cdk/region-info/-/region-info-1.148.0.tgz#ff72146fa7a3bc27e3216eeba61e68b10f9b213d"
  integrity sha512-6WpVe1FEGMMQpWi//pGuV4AWh5jJdiFNLCBrbA2gThS0a1YAp3uWpYORUJKzXBi7R2qPT5YdFfwrikMZpyWyzw==

"@balena/dockerignore@^1.0.2":
  version "1.0.2"
  resolved "https://registry.yarnpkg.com/@balena/dockerignore/-/dockerignore-1.0.2.tgz#9ffe4726915251e8eb69f44ef3547e0da2c03e0d"
  integrity sha512-wMue2Sy4GAVTk6Ic4tJVcnfdau+gx2EnG7S+uAEe+TWJFqE4YoWN4/H8MSLj4eYJKxGg26lZwboEniNiNwZQ6Q==

"@cspotcode/source-map-consumer@0.8.0":
  version "0.8.0"
  resolved "https://registry.yarnpkg.com/@cspotcode/source-map-consumer/-/source-map-consumer-0.8.0.tgz#33bf4b7b39c178821606f669bbc447a6a629786b"
  integrity sha512-41qniHzTU8yAGbCp04ohlmSrZf8bkf/iJsl3V0dRGsQN/5GFfx+LbCSsCpp2gqrqjTVg/K6O8ycoV35JIwAzAg==

"@cspotcode/source-map-support@0.7.0":
  version "0.7.0"
  resolved "https://registry.yarnpkg.com/@cspotcode/source-map-support/-/source-map-support-0.7.0.tgz#4789840aa859e46d2f3173727ab707c66bf344f5"
  integrity sha512-X4xqRHqN8ACt2aHVe51OxeA2HjbcL4MqFqXkrmQszJ1NOUuUu5u6Vqx/0lZSVNku7velL5FC/s5uEAj1lsBMhA==
  dependencies:
    "@cspotcode/source-map-consumer" "0.8.0"

"@tsconfig/node10@^1.0.7":
  version "1.0.8"
  resolved "https://registry.yarnpkg.com/@tsconfig/node10/-/node10-1.0.8.tgz#c1e4e80d6f964fbecb3359c43bd48b40f7cadad9"
  integrity sha512-6XFfSQmMgq0CFLY1MslA/CPUfhIL919M1rMsa5lP2P097N2Wd1sSX0tx1u4olM16fLNhtHZpRhedZJphNJqmZg==

"@tsconfig/node12@^1.0.7":
  version "1.0.9"
  resolved "https://registry.yarnpkg.com/@tsconfig/node12/-/node12-1.0.9.tgz#62c1f6dee2ebd9aead80dc3afa56810e58e1a04c"
  integrity sha512-/yBMcem+fbvhSREH+s14YJi18sp7J9jpuhYByADT2rypfajMZZN4WQ6zBGgBKp53NKmqI36wFYDb3yaMPurITw==

"@tsconfig/node14@^1.0.0":
  version "1.0.1"
  resolved "https://registry.yarnpkg.com/@tsconfig/node14/-/node14-1.0.1.tgz#95f2d167ffb9b8d2068b0b235302fafd4df711f2"
  integrity sha512-509r2+yARFfHHE7T6Puu2jjkoycftovhXRqW328PDXTVGKihlb1P8Z9mMZH04ebyajfRY7dedfGynlrFHJUQCg==

"@tsconfig/node16@^1.0.2":
  version "1.0.2"
  resolved "https://registry.yarnpkg.com/@tsconfig/node16/-/node16-1.0.2.tgz#423c77877d0569db20e1fc80885ac4118314010e"
  integrity sha512-eZxlbI8GZscaGS7kkc/trHTT5xgrjH3/1n2JDwusC9iahPKWMRvRjJSAN5mCXviuTGQ/lHnhvv8Q1YTpnfz9gA==

"@types/aws-lambda@^8.10.93":
  version "8.10.93"
  resolved "https://registry.yarnpkg.com/@types/aws-lambda/-/aws-lambda-8.10.93.tgz#3e2c80894122477040aabf29b7320556f5702a76"
  integrity sha512-Vsyi9ogDAY3REZDjYnXMRJJa62SDvxHXxJI5nGDQdZW058dDE+av/anynN2rLKbCKXDRNw3D/sQmqxVflZFi4A==

"@types/node@^17.0.21":
  version "17.0.21"
  resolved "https://registry.yarnpkg.com/@types/node/-/node-17.0.21.tgz#864b987c0c68d07b4345845c3e63b75edd143644"
  integrity sha512-DBZCJbhII3r90XbQxI8Y9IjjiiOGlZ0Hr32omXIZvwwZ7p4DMMXGrKXVyPfuoBOri9XNtL0UK69jYIBIsRX3QQ==

acorn-walk@^8.1.1:
  version "8.2.0"
  resolved "https://registry.yarnpkg.com/acorn-walk/-/acorn-walk-8.2.0.tgz#741210f2e2426454508853a2f44d0ab83b7f69c1"
  integrity sha512-k+iyHEuPgSw6SbuDpGQM+06HQUa04DZ3o+F6CSzXMvvI5KMvnaEqXe+YVe555R9nn6GPt404fos4wcgpw12SDA==

acorn@^8.4.1:
  version "8.7.0"
  resolved "https://registry.yarnpkg.com/acorn/-/acorn-8.7.0.tgz#90951fde0f8f09df93549481e5fc141445b791cf"
  integrity sha512-V/LGr1APy+PXIwKebEWrkZPwoeoF+w1jiOBUmuxuiUIaOHtob8Qc9BTrYo7VuI5fR8tqsy+buA2WFooR5olqvQ==

arg@^4.1.0:
  version "4.1.3"
  resolved "https://registry.yarnpkg.com/arg/-/arg-4.1.3.tgz#269fc7ad5b8e42cb63c896d5666017261c144089"
  integrity sha512-58S9QDqG0Xx27YwPSt9fJxivjYl432YCwfDMfZ+71RAqUrZef7LrKQZ3LHLOwCS4FLNBplP533Zx895SeOCHvA==

at-least-node@^1.0.0:
  version "1.0.0"
  resolved "https://registry.yarnpkg.com/at-least-node/-/at-least-node-1.0.0.tgz#602cd4b46e844ad4effc92a8011a3c46e0238dc2"
  integrity sha512-+q/t7Ekv1EDY2l6Gda6LLiX14rU9TV20Wa3ofeQmwPFZbOMo9DXrLbOjFaaclkXKWidIaopwAObQDqwWtGUjqg==

aws-cdk-lib@^2.16.0:
  version "2.16.0"
  resolved "https://registry.yarnpkg.com/aws-cdk-lib/-/aws-cdk-lib-2.16.0.tgz#51b2d07bac27f5401fda7ccc52d08331289f8558"
  integrity sha512-qQlSNat5/HPNFbExZ8LTVDLOZaI+8O2Uv6/vsp87gqfapTqu6MM9m7MouTnFd+f3JiAdTBDu7A0q802oZSH6JA==
  dependencies:
    "@balena/dockerignore" "^1.0.2"
    case "1.6.3"
    fs-extra "^9.1.0"
    ignore "^5.2.0"
    jsonschema "^1.4.0"
    minimatch "^3.1.2"
    punycode "^2.1.1"
    semver "^7.3.5"
    yaml "1.10.2"

aws-cdk@^2.16.0:
  version "2.16.0"
  resolved "https://registry.yarnpkg.com/aws-cdk/-/aws-cdk-2.16.0.tgz#953610e7bbd398dc1f1771f9c9a99595d84214e3"
  integrity sha512-7pX1FNY2lhBwFJwrD4b0fTfbaYqLgxiGrd0KEu3oOk2yAR/GFaSo9L83jT7fdNzpZE1GzB4Ryd6svCCyPLE18A==
  optionalDependencies:
    fsevents "2.3.2"

aws-sdk@^2.1092.0:
  version "2.1092.0"
  resolved "https://registry.yarnpkg.com/aws-sdk/-/aws-sdk-2.1092.0.tgz#79452dee35ab35b8c1de63340a0bd697fa8db3e8"
  integrity sha512-8PH2rOgZazGT3VfGPkKcvzz2K9ylVfDniJH4WfJXHEBGxu0+XEMDbjuYpe8k/L1C7w0UTP6CuChjqCxgJznrxg==
  dependencies:
    buffer "4.9.2"
    events "1.1.1"
    ieee754 "1.1.13"
    jmespath "0.16.0"
    querystring "0.2.0"
    sax "1.2.1"
    url "0.10.3"
    uuid "3.3.2"
    xml2js "0.4.19"

balanced-match@^1.0.0:
  version "1.0.2"
  resolved "https://registry.yarnpkg.com/balanced-match/-/balanced-match-1.0.2.tgz#e83e3a7e3f300b34cb9d87f615fa0cbf357690ee"
  integrity sha512-3oSeUO0TMV67hN1AmbXsK4yaqU7tjiHlbxRDZOpH0KW9+CeX4bRAaX0Anxt0tx2MrpRpWwQaPwIlISEJhYU5Pw==

base64-js@^1.0.2:
  version "1.5.1"
  resolved "https://registry.yarnpkg.com/base64-js/-/base64-js-1.5.1.tgz#1b1b440160a5bf7ad40b650f095963481903930a"
  integrity sha512-AKpaYlHn8t4SVbOHCy+b5+KKgvR4vrsD8vbvrbiQJps7fKDTkjkDry6ji0rUJjC0kzbNePLwzxq8iypo41qeWA==

brace-expansion@^1.1.7:
  version "1.1.11"
  resolved "https://registry.yarnpkg.com/brace-expansion/-/brace-expansion-1.1.11.tgz#3c7fcbf529d87226f3d2f52b966ff5271eb441dd"
  integrity sha512-iCuPHDFgrHX7H2vEI/5xpz07zSHB00TpugqhmYtVmMO6518mCuRMoOYFldEBl0g187ufozdaHgWKcYFb61qGiA==
  dependencies:
    balanced-match "^1.0.0"
    concat-map "0.0.1"

buffer@4.9.2:
  version "4.9.2"
  resolved "https://registry.yarnpkg.com/buffer/-/buffer-4.9.2.tgz#230ead344002988644841ab0244af8c44bbe3ef8"
  integrity sha512-xq+q3SRMOxGivLhBNaUdC64hDTQwejJ+H0T/NB1XMtTVEwNTrfFF3gAxiyW0Bu/xWEGhjVKgUcMhCrUy2+uCWg==
  dependencies:
    base64-js "^1.0.2"
    ieee754 "^1.1.4"
    isarray "^1.0.0"

case@1.6.3:
  version "1.6.3"
  resolved "https://registry.yarnpkg.com/case/-/case-1.6.3.tgz#0a4386e3e9825351ca2e6216c60467ff5f1ea1c9"
  integrity sha512-mzDSXIPaFwVDvZAHqZ9VlbyF4yyXRuX6IvB06WvPYkqJVO24kX1PPhv9bfpKNFZyxYFmmgo03HUiD8iklmJYRQ==

concat-map@0.0.1:
  version "0.0.1"
  resolved "https://registry.yarnpkg.com/concat-map/-/concat-map-0.0.1.tgz#d8a96bd77fd68df7793a73036a3ba0d5405d477b"
  integrity sha1-2Klr13/Wjfd5OnMDajug1UBdR3s=

constructs@^10.0.87:
  version "10.0.87"
  resolved "https://registry.yarnpkg.com/constructs/-/constructs-10.0.87.tgz#71ae027e7fff8255e111746265eb05a14b412fe4"
  integrity sha512-ppr7QoARvNoIYnawIMsVxhoBdpx6V15qDpOanOyQHO3uphBr5RJcYuKkHCp4k8iRjE1h68lCfXZ/fLbK6ERH+w==

constructs@^3.3.69:
  version "3.3.242"
  resolved "https://registry.yarnpkg.com/constructs/-/constructs-3.3.242.tgz#dc63e174d89d62ce0a49bc24114c97d091628368"
  integrity sha512-poS1Xb1Tm6m81iMLVTW8HeevF3FFFPrW4gSwNib/vMvkAm4dmCuuSjabRHkMONb1fKQESLJMwzihGTjDXevxnA==

create-require@^1.1.0:
  version "1.1.1"
  resolved "https://registry.yarnpkg.com/create-require/-/create-require-1.1.1.tgz#c1d7e8f1e5f6cfc9ff65f9cd352d37348756c333"
  integrity sha512-dcKFX3jn0MpIaXjisoRvexIJVEKzaq7z2rZKxf+MSr9TkdmHmsU4m2lcLojrj/FHl8mk5VxMmYA+ftRkP/3oKQ==

diff@^4.0.1:
  version "4.0.2"
  resolved "https://registry.yarnpkg.com/diff/-/diff-4.0.2.tgz#60f3aecb89d5fae520c11aa19efc2bb982aade7d"
  integrity sha512-58lmxKSA4BNyLz+HHMUzlOEpg09FV+ev6ZMe3vJihgdxzgcwZ8VoEEPmALCZG9LmqfVoNMMKpttIYTVG6uDY7A==

events@1.1.1:
  version "1.1.1"
  resolved "https://registry.yarnpkg.com/events/-/events-1.1.1.tgz#9ebdb7635ad099c70dcc4c2a1f5004288e8bd924"
  integrity sha1-nr23Y1rQmccNzEwqH1AEKI6L2SQ=

fs-extra@^9.1.0:
  version "9.1.0"
  resolved "https://registry.yarnpkg.com/fs-extra/-/fs-extra-9.1.0.tgz#5954460c764a8da2094ba3554bf839e6b9a7c86d"
  integrity sha512-hcg3ZmepS30/7BSFqRvoo3DOMQu7IjqxO5nCDt+zM9XWjb33Wg7ziNT+Qvqbuc3+gWpzO02JubVyk2G4Zvo1OQ==
  dependencies:
    at-least-node "^1.0.0"
    graceful-fs "^4.2.0"
    jsonfile "^6.0.1"
    universalify "^2.0.0"

fsevents@2.3.2:
  version "2.3.2"
  resolved "https://registry.yarnpkg.com/fsevents/-/fsevents-2.3.2.tgz#8a526f78b8fdf4623b709e0b975c52c24c02fd1a"
  integrity sha512-xiqMQR4xAeHTuB9uWm+fFRcIOgKBMiOBP+eXiyT7jsgVCq1bkVygt00oASowB7EdtpOHaaPgKt812P9ab+DDKA==

graceful-fs@^4.1.6, graceful-fs@^4.2.0:
  version "4.2.9"
  resolved "https://registry.yarnpkg.com/graceful-fs/-/graceful-fs-4.2.9.tgz#041b05df45755e587a24942279b9d113146e1c96"
  integrity sha512-NtNxqUcXgpW2iMrfqSfR73Glt39K+BLwWsPs94yR63v45T0Wbej7eRmL5cWfwEgqXnmjQp3zaJTshdRW/qC2ZQ==

ieee754@1.1.13:
  version "1.1.13"
  resolved "https://registry.yarnpkg.com/ieee754/-/ieee754-1.1.13.tgz#ec168558e95aa181fd87d37f55c32bbcb6708b84"
  integrity sha512-4vf7I2LYV/HaWerSo3XmlMkp5eZ83i+/CDluXi/IGTs/O1sejBNhTtnxzmRZfvOUqj7lZjqHkeTvpgSFDlWZTg==

ieee754@^1.1.4:
  version "1.2.1"
  resolved "https://registry.yarnpkg.com/ieee754/-/ieee754-1.2.1.tgz#8eb7a10a63fff25d15a57b001586d177d1b0d352"
  integrity sha512-dcyqhDvX1C46lXZcVqCpK+FtMRQVdIMN6/Df5js2zouUsqG7I6sFxitIC+7KYK29KdXOLHdu9zL4sFnoVQnqaA==

ignore@^5.2.0:
  version "5.2.0"
  resolved "https://registry.yarnpkg.com/ignore/-/ignore-5.2.0.tgz#6d3bac8fa7fe0d45d9f9be7bac2fc279577e345a"
  integrity sha512-CmxgYGiEPCLhfLnpPp1MoRmifwEIOgjcHXxOBjv7mY96c+eWScsOP9c112ZyLdWHi0FxHjI+4uVhKYp/gcdRmQ==

isarray@^1.0.0:
  version "1.0.0"
  resolved "https://registry.yarnpkg.com/isarray/-/isarray-1.0.0.tgz#bb935d48582cba168c06834957a54a3e07124f11"
  integrity sha1-u5NdSFgsuhaMBoNJV6VKPgcSTxE=

jmespath@0.16.0:
  version "0.16.0"
  resolved "https://registry.yarnpkg.com/jmespath/-/jmespath-0.16.0.tgz#b15b0a85dfd4d930d43e69ed605943c802785076"
  integrity sha512-9FzQjJ7MATs1tSpnco1K6ayiYE3figslrXA72G2HQ/n76RzvYlofyi5QM+iX4YRs/pu3yzxlVQSST23+dMDknw==

jsonfile@^6.0.1:
  version "6.1.0"
  resolved "https://registry.yarnpkg.com/jsonfile/-/jsonfile-6.1.0.tgz#bc55b2634793c679ec6403094eb13698a6ec0aae"
  integrity sha512-5dgndWOriYSm5cnYaJNhalLNDKOqFwyDB/rr1E9ZsGciGvKPs8R2xYGCacuf3z6K1YKDz182fd+fY3cn3pMqXQ==
  dependencies:
    universalify "^2.0.0"
  optionalDependencies:
    graceful-fs "^4.1.6"

jsonschema@^1.4.0:
  version "1.4.0"
  resolved "https://registry.yarnpkg.com/jsonschema/-/jsonschema-1.4.0.tgz#1afa34c4bc22190d8e42271ec17ac8b3404f87b2"
  integrity sha512-/YgW6pRMr6M7C+4o8kS+B/2myEpHCrxO4PEWnqJNBFMjn7EWXqlQ4tGwL6xTHeRplwuZmcAncdvfOad1nT2yMw==

lru-cache@^6.0.0:
  version "6.0.0"
  resolved "https://registry.yarnpkg.com/lru-cache/-/lru-cache-6.0.0.tgz#6d6fe6570ebd96aaf90fcad1dafa3b2566db3a94"
  integrity sha512-Jo6dJ04CmSjuznwJSS3pUeWmd/H0ffTlkXXgwZi+eq1UCmqQwCh+eLsYOYCwY991i2Fah4h1BEMCx4qThGbsiA==
  dependencies:
    yallist "^4.0.0"

make-error@^1.1.1:
  version "1.3.6"
  resolved "https://registry.yarnpkg.com/make-error/-/make-error-1.3.6.tgz#2eb2e37ea9b67c4891f684a1394799af484cf7a2"
  integrity sha512-s8UhlNe7vPKomQhC1qFelMokr/Sc3AgNbso3n74mVPA5LTZwkB9NlXf4XPamLxJE8h0gh73rM94xvwRT2CVInw==

minimatch@^3.1.2:
  version "3.1.2"
  resolved "https://registry.yarnpkg.com/minimatch/-/minimatch-3.1.2.tgz#19cd194bfd3e428f049a70817c038d89ab4be35b"
  integrity sha512-J7p63hRiAjw1NDEww1W7i37+ByIrOWO5XQQAzZ3VOcL0PNybwpfmV/N05zFAzwQ9USyEcX6t3UO+K5aqBQOIHw==
  dependencies:
    brace-expansion "^1.1.7"

punycode@1.3.2:
  version "1.3.2"
  resolved "https://registry.yarnpkg.com/punycode/-/punycode-1.3.2.tgz#9653a036fb7c1ee42342f2325cceefea3926c48d"
  integrity sha1-llOgNvt8HuQjQvIyXM7v6jkmxI0=

punycode@^2.1.1:
  version "2.1.1"
  resolved "https://registry.yarnpkg.com/punycode/-/punycode-2.1.1.tgz#b58b010ac40c22c5657616c8d2c2c02c7bf479ec"
  integrity sha512-XRsRjdf+j5ml+y/6GKHPZbrF/8p2Yga0JPtdqTIY2Xe5ohJPD9saDJJLPvp9+NSBprVvevdXZybnj2cv8OEd0A==

querystring@0.2.0:
  version "0.2.0"
  resolved "https://registry.yarnpkg.com/querystring/-/querystring-0.2.0.tgz#b209849203bb25df820da756e747005878521620"
  integrity sha1-sgmEkgO7Jd+CDadW50cAWHhSFiA=

sax@1.2.1:
  version "1.2.1"
  resolved "https://registry.yarnpkg.com/sax/-/sax-1.2.1.tgz#7b8e656190b228e81a66aea748480d828cd2d37a"
  integrity sha1-e45lYZCyKOgaZq6nSEgNgozS03o=

sax@>=0.6.0:
  version "1.2.4"
  resolved "https://registry.yarnpkg.com/sax/-/sax-1.2.4.tgz#2816234e2378bddc4e5354fab5caa895df7100d9"
  integrity sha512-NqVDv9TpANUjFm0N8uM5GxL36UgKi9/atZw+x7YFnQ8ckwFGKrl4xX4yWtrey3UJm5nP1kUbnYgLopqWNSRhWw==

semver@^7.3.5:
  version "7.3.5"
  resolved "https://registry.yarnpkg.com/semver/-/semver-7.3.5.tgz#0b621c879348d8998e4b0e4be94b3f12e6018ef7"
  integrity sha512-PoeGJYh8HK4BTO/a9Tf6ZG3veo/A7ZVsYrSA6J8ny9nb3B1VrpkuN+z9OE5wfE5p6H4LchYZsegiQgbJD94ZFQ==
  dependencies:
    lru-cache "^6.0.0"

ts-node@^10.7.0:
  version "10.7.0"
  resolved "https://registry.yarnpkg.com/ts-node/-/ts-node-10.7.0.tgz#35d503d0fab3e2baa672a0e94f4b40653c2463f5"
  integrity sha512-TbIGS4xgJoX2i3do417KSaep1uRAW/Lu+WAL2doDHC0D6ummjirVOXU5/7aiZotbQ5p1Zp9tP7U6cYhA0O7M8A==
  dependencies:
    "@cspotcode/source-map-support" "0.7.0"
    "@tsconfig/node10" "^1.0.7"
    "@tsconfig/node12" "^1.0.7"
    "@tsconfig/node14" "^1.0.0"
    "@tsconfig/node16" "^1.0.2"
    acorn "^8.4.1"
    acorn-walk "^8.1.1"
    arg "^4.1.0"
    create-require "^1.1.0"
    diff "^4.0.1"
    make-error "^1.1.1"
    v8-compile-cache-lib "^3.0.0"
    yn "3.1.1"

tslib@^2.3.1:
  version "2.3.1"
  resolved "https://registry.yarnpkg.com/tslib/-/tslib-2.3.1.tgz#e8a335add5ceae51aa261d32a490158ef042ef01"
  integrity sha512-77EbyPPpMz+FRFRuAFlWMtmgUWGe9UOG2Z25NqCwiIjRhOf5iKGuzSe5P2w1laq+FkRy4p+PCuVkJSGkzTEKVw==

typescript@^4.6.2:
  version "4.6.2"
  resolved "https://registry.yarnpkg.com/typescript/-/typescript-4.6.2.tgz#fe12d2727b708f4eef40f51598b3398baa9611d4"
  integrity sha512-HM/hFigTBHZhLXshn9sN37H085+hQGeJHJ/X7LpBWLID/fbc2acUMfU+lGD98X81sKP+pFa9f0DZmCwB9GnbAg==

universalify@^2.0.0:
  version "2.0.0"
  resolved "https://registry.yarnpkg.com/universalify/-/universalify-2.0.0.tgz#75a4984efedc4b08975c5aeb73f530d02df25717"
  integrity sha512-hAZsKq7Yy11Zu1DE0OzWjw7nnLZmJZYTDZZyEFHZdUhV8FkH5MCfoU1XMaxXovpyW5nq5scPqq0ZDP9Zyl04oQ==

url@0.10.3:
  version "0.10.3"
  resolved "https://registry.yarnpkg.com/url/-/url-0.10.3.tgz#021e4d9c7705f21bbf37d03ceb58767402774c64"
  integrity sha1-Ah5NnHcF8hu/N9A861h2dAJ3TGQ=
  dependencies:
    punycode "1.3.2"
    querystring "0.2.0"

uuid@3.3.2:
  version "3.3.2"
  resolved "https://registry.yarnpkg.com/uuid/-/uuid-3.3.2.tgz#1b4af4955eb3077c501c23872fc6513811587131"
  integrity sha512-yXJmeNaw3DnnKAOKJE51sL/ZaYfWJRl1pK9dr19YFCu0ObS231AB1/LbqTKRAQ5kw8A90rA6fr4riOUpTZvQZA==

v8-compile-cache-lib@^3.0.0:
  version "3.0.0"
  resolved "https://registry.yarnpkg.com/v8-compile-cache-lib/-/v8-compile-cache-lib-3.0.0.tgz#0582bcb1c74f3a2ee46487ceecf372e46bce53e8"
  integrity sha512-mpSYqfsFvASnSn5qMiwrr4VKfumbPyONLCOPmsR3A6pTY/r0+tSaVbgPWSAIuzbk3lCTa+FForeTiO+wBQGkjA==

xml2js@0.4.19:
  version "0.4.19"
  resolved "https://registry.yarnpkg.com/xml2js/-/xml2js-0.4.19.tgz#686c20f213209e94abf0d1bcf1efaa291c7827a7"
  integrity sha512-esZnJZJOiJR9wWKMyuvSE1y6Dq5LCuJanqhxslH2bxM6duahNZ+HMpCLhBQGZkbX6xRf8x1Y2eJlgt2q3qo49Q==
  dependencies:
    sax ">=0.6.0"
    xmlbuilder "~9.0.1"

xmlbuilder@~9.0.1:
  version "9.0.7"
  resolved "https://registry.yarnpkg.com/xmlbuilder/-/xmlbuilder-9.0.7.tgz#132ee63d2ec5565c557e20f4c22df9aca686b10d"
  integrity sha1-Ey7mPS7FVlxVfiD0wi35rKaGsQ0=

yallist@^4.0.0:
  version "4.0.0"
  resolved "https://registry.yarnpkg.com/yallist/-/yallist-4.0.0.tgz#9bb92790d9c0effec63be73519e11a35019a3a72"
  integrity sha512-3wdGidZyq5PB084XLES5TpOSRA3wjXAlIWMhum2kRcv/41Sn2emQ0dycQW4uZXLejwKvg6EsvbdlVL+FYEct7A==

yaml@1.10.2:
  version "1.10.2"
  resolved "https://registry.yarnpkg.com/yaml/-/yaml-1.10.2.tgz#2301c5ffbf12b467de8da2333a459e29e7920e4b"
  integrity sha512-r3vXyErRCYJ7wg28yvBY5VSoAF8ZvlcW9/BwUzEtUsjvX/DKs24dIkuwjtuprwJJHsbyUbLApepYTR1BN4uHrg==

yn@3.1.1:
  version "3.1.1"
  resolved "https://registry.yarnpkg.com/yn/-/yn-3.1.1.tgz#1e87401a09d767c1d5eab26a6e4c185182d2eb50"
  integrity sha512-Ux4ygGWsu2c7isFWe8Yu1YluJmqVhxqK2cLXNQA5AcC3QfbGNpM7fu0Y8b/z16pXLnFxZYvWhd3fhBY9DLmC6Q==
